// !$*UTF8*$!
{
	archiveVersion = 1;
	classes = {
	};
	objectVersion = 56;
	objects = {

/* Begin PBXBuildFile section */
		0A09334E2A990DFF00AE9B99 /* Router.swift in Sources */ = {isa = PBXBuildFile; fileRef = 0A09334D2A990DFF00AE9B99 /* Router.swift */; };
		0A0933522A99553E00AE9B99 /* AuthModel.swift in Sources */ = {isa = PBXBuildFile; fileRef = 0A0933512A99553E00AE9B99 /* AuthModel.swift */; };
		0A0933652A99598C00AE9B99 /* ApiResponse.swift in Sources */ = {isa = PBXBuildFile; fileRef = 0A0933642A99598C00AE9B99 /* ApiResponse.swift */; };
		0A0933742A9A343100AE9B99 /* NetworkManager.swift in Sources */ = {isa = PBXBuildFile; fileRef = 0A0933732A9A343100AE9B99 /* NetworkManager.swift */; };
		0A09337A2A9A3E2B00AE9B99 /* MapViewController.swift in Sources */ = {isa = PBXBuildFile; fileRef = 0A0933792A9A3E2B00AE9B99 /* MapViewController.swift */; };
		0A09337C2A9A3EEB00AE9B99 /* MapViewModel.swift in Sources */ = {isa = PBXBuildFile; fileRef = 0A09337B2A9A3EEB00AE9B99 /* MapViewModel.swift */; };
		0A35EEC22A9FA6BE008E9299 /* HomeViewController.swift in Sources */ = {isa = PBXBuildFile; fileRef = 0A35EEC12A9FA6BE008E9299 /* HomeViewController.swift */; };
		0A56F5412A90B8540093BBAA /* RegisterViewModel.swift in Sources */ = {isa = PBXBuildFile; fileRef = 0A56F5402A90B8540093BBAA /* RegisterViewModel.swift */; };
		0A56F5622A90FF3F0093BBAA /* MainTabBarController.swift in Sources */ = {isa = PBXBuildFile; fileRef = 0A56F5612A90FF3F0093BBAA /* MainTabBarController.swift */; };
		0A5E190C2A98430C00895386 /* PlaceModel.swift in Sources */ = {isa = PBXBuildFile; fileRef = 0A5E190B2A98430B00895386 /* PlaceModel.swift */; };
		0A60CA242A98A51B00A8418E /* PlaceViewCell.swift in Sources */ = {isa = PBXBuildFile; fileRef = 0A60CA232A98A51B00A8418E /* PlaceViewCell.swift */; };
		0A6636EB2AA31D3200515C8B /* HomeViewModel.swift in Sources */ = {isa = PBXBuildFile; fileRef = 0A6636EA2AA31D3200515C8B /* HomeViewModel.swift */; };
		0A7899CB2AA1BD27005CCF45 /* CustomDetailButton.swift in Sources */ = {isa = PBXBuildFile; fileRef = 0A7899CA2AA1BD27005CCF45 /* CustomDetailButton.swift */; };
		0A7A7A4D2A937D3C000A4B43 /* IQKeyboardManagerSwift in Frameworks */ = {isa = PBXBuildFile; productRef = 0A7A7A4C2A937D3C000A4B43 /* IQKeyboardManagerSwift */; };
		0A9D20B82AA4FA2200334128 /* ListViewController.swift in Sources */ = {isa = PBXBuildFile; fileRef = 0A9D20B72AA4FA2200334128 /* ListViewController.swift */; };
		0AA44B362A95F1AF0070052D /* CustomTextView.swift in Sources */ = {isa = PBXBuildFile; fileRef = 0AA44B352A95F1AF0070052D /* CustomTextView.swift */; };
		0AA8C3902A9A6B0700F25219 /* DetailsViewController.swift in Sources */ = {isa = PBXBuildFile; fileRef = 0AA8C38F2A9A6B0700F25219 /* DetailsViewController.swift */; };
		0AA8C3932A9A6BB600F25219 /* DetailsViewModel.swift in Sources */ = {isa = PBXBuildFile; fileRef = 0AA8C3922A9A6BB600F25219 /* DetailsViewModel.swift */; };
		0AA8C3972A9B088800F25219 /* VisitsViewController.swift in Sources */ = {isa = PBXBuildFile; fileRef = 0AA8C3962A9B088800F25219 /* VisitsViewController.swift */; };
		0AA8C3992A9B09BC00F25219 /* LoginViewModel.swift in Sources */ = {isa = PBXBuildFile; fileRef = 0AA8C3982A9B09BC00F25219 /* LoginViewModel.swift */; };
		0AAEFABC2A9CB9500075B7C4 /* AddPlaceViewModel.swift in Sources */ = {isa = PBXBuildFile; fileRef = 0AAEFABB2A9CB9500075B7C4 /* AddPlaceViewModel.swift */; };
		0AAEFAC02A9CCE1A0075B7C4 /* UploadModel.swift in Sources */ = {isa = PBXBuildFile; fileRef = 0AAEFABF2A9CCE1A0075B7C4 /* UploadModel.swift */; };
		0AB141172A949DA600EEE32A /* GalleryModel.swift in Sources */ = {isa = PBXBuildFile; fileRef = 0AB141162A949DA600EEE32A /* GalleryModel.swift */; };
		0AB141192A94A2B600EEE32A /* GalleryViewCell.swift in Sources */ = {isa = PBXBuildFile; fileRef = 0AB141182A94A2B600EEE32A /* GalleryViewCell.swift */; };
		0AB83DA22A9B2B8C00E9ABEB /* CustomAnnotation.swift in Sources */ = {isa = PBXBuildFile; fileRef = 0AB83DA12A9B2B8C00E9ABEB /* CustomAnnotation.swift */; };
		0ACBC21C2A9B40C000141CB9 /* AddPlaceViewController.swift in Sources */ = {isa = PBXBuildFile; fileRef = 0ACBC21B2A9B40C000141CB9 /* AddPlaceViewController.swift */; };
		0ACBC21E2A9B4DEE00141CB9 /* PhotoViewCell.swift in Sources */ = {isa = PBXBuildFile; fileRef = 0ACBC21D2A9B4DEE00141CB9 /* PhotoViewCell.swift */; };
		0ACBC2212A9B66A600141CB9 /* VisitModel.swift in Sources */ = {isa = PBXBuildFile; fileRef = 0ACBC2202A9B66A600141CB9 /* VisitModel.swift */; };
		0ACBC2242A9B67C300141CB9 /* VisitsViewModel.swift in Sources */ = {isa = PBXBuildFile; fileRef = 0ACBC2232A9B67C300141CB9 /* VisitsViewModel.swift */; };
		0AFC1DB42A8F54E7002A55B1 /* AppDelegate.swift in Sources */ = {isa = PBXBuildFile; fileRef = 0AFC1DB32A8F54E7002A55B1 /* AppDelegate.swift */; };
		0AFC1DB62A8F54E7002A55B1 /* SceneDelegate.swift in Sources */ = {isa = PBXBuildFile; fileRef = 0AFC1DB52A8F54E7002A55B1 /* SceneDelegate.swift */; };
		0AFC1DBD2A8F54E8002A55B1 /* Assets.xcassets in Resources */ = {isa = PBXBuildFile; fileRef = 0AFC1DBC2A8F54E8002A55B1 /* Assets.xcassets */; };
		0AFC1DC02A8F54E8002A55B1 /* LaunchScreen.storyboard in Resources */ = {isa = PBXBuildFile; fileRef = 0AFC1DBE2A8F54E8002A55B1 /* LaunchScreen.storyboard */; };
		0AFC1DCE2A8F5558002A55B1 /* Extensions.swift in Sources */ = {isa = PBXBuildFile; fileRef = 0AFC1DCD2A8F5558002A55B1 /* Extensions.swift */; };
		0AFC1DD12A8F556F002A55B1 /* Alamofire in Frameworks */ = {isa = PBXBuildFile; productRef = 0AFC1DD02A8F556F002A55B1 /* Alamofire */; };
		0AFC1DD42A8F557E002A55B1 /* SnapKit in Frameworks */ = {isa = PBXBuildFile; productRef = 0AFC1DD32A8F557E002A55B1 /* SnapKit */; };
		0AFC1DD62A8F55A0002A55B1 /* Keychain.swift in Sources */ = {isa = PBXBuildFile; fileRef = 0AFC1DD52A8F55A0002A55B1 /* Keychain.swift */; };
		0AFC1DDC2A8F5644002A55B1 /* Poppins-SemiBold.ttf in Resources */ = {isa = PBXBuildFile; fileRef = 0AFC1DD82A8F5644002A55B1 /* Poppins-SemiBold.ttf */; };
		0AFC1DDD2A8F5644002A55B1 /* Poppins-Medium.ttf in Resources */ = {isa = PBXBuildFile; fileRef = 0AFC1DD92A8F5644002A55B1 /* Poppins-Medium.ttf */; };
		0AFC1DDE2A8F5644002A55B1 /* Poppins-Regular.ttf in Resources */ = {isa = PBXBuildFile; fileRef = 0AFC1DDA2A8F5644002A55B1 /* Poppins-Regular.ttf */; };
		0AFC1DDF2A8F5644002A55B1 /* Poppins-Bold.ttf in Resources */ = {isa = PBXBuildFile; fileRef = 0AFC1DDB2A8F5644002A55B1 /* Poppins-Bold.ttf */; };
		0AFC1DE22A8F5666002A55B1 /* Font.swift in Sources */ = {isa = PBXBuildFile; fileRef = 0AFC1DE12A8F5666002A55B1 /* Font.swift */; };
		0AFC1DE62A8F5A0B002A55B1 /* Color.swift in Sources */ = {isa = PBXBuildFile; fileRef = 0AFC1DE52A8F5A0B002A55B1 /* Color.swift */; };
		0AFC1DE82A8F5AFD002A55B1 /* LoginViewController.swift in Sources */ = {isa = PBXBuildFile; fileRef = 0AFC1DE72A8F5AFD002A55B1 /* LoginViewController.swift */; };
		0AFC1DEB2A8F680A002A55B1 /* CustomTextField.swift in Sources */ = {isa = PBXBuildFile; fileRef = 0AFC1DEA2A8F680A002A55B1 /* CustomTextField.swift */; };
		0AFC1DED2A8F8C3C002A55B1 /* CustomButton.swift in Sources */ = {isa = PBXBuildFile; fileRef = 0AFC1DEC2A8F8C3C002A55B1 /* CustomButton.swift */; };
		0AFC1DEF2A8F96A1002A55B1 /* RegisterViewController.swift in Sources */ = {isa = PBXBuildFile; fileRef = 0AFC1DEE2A8F96A1002A55B1 /* RegisterViewController.swift */; };
		0AFC1DF12A8FA892002A55B1 /* ComponentsView.swift in Sources */ = {isa = PBXBuildFile; fileRef = 0AFC1DF02A8FA892002A55B1 /* ComponentsView.swift */; };
		0AFD27DC2A916B5C009BEC15 /* Kingfisher in Frameworks */ = {isa = PBXBuildFile; productRef = 0AFD27DB2A916B5C009BEC15 /* Kingfisher */; };
		D3569F8D2AA0AB84000653BC /* SettingsViewController.swift in Sources */ = {isa = PBXBuildFile; fileRef = D3569F8C2AA0AB84000653BC /* SettingsViewController.swift */; };
		D3569F902AA0ABC3000653BC /* SettingsModel.swift in Sources */ = {isa = PBXBuildFile; fileRef = D3569F8F2AA0ABC3000653BC /* SettingsModel.swift */; };
		D3569F932AA0ABEB000653BC /* SettingsViewModel.swift in Sources */ = {isa = PBXBuildFile; fileRef = D3569F922AA0ABEB000653BC /* SettingsViewModel.swift */; };
		D3569F962AA0AC30000653BC /* SettingsViewCell.swift in Sources */ = {isa = PBXBuildFile; fileRef = D3569F952AA0AC30000653BC /* SettingsViewCell.swift */; };
/* End PBXBuildFile section */

/* Begin PBXFileReference section */
		0A09334D2A990DFF00AE9B99 /* Router.swift */ = {isa = PBXFileReference; lastKnownFileType = sourcecode.swift; path = Router.swift; sourceTree = "<group>"; };
		0A0933512A99553E00AE9B99 /* AuthModel.swift */ = {isa = PBXFileReference; lastKnownFileType = sourcecode.swift; path = AuthModel.swift; sourceTree = "<group>"; };
		0A0933642A99598C00AE9B99 /* ApiResponse.swift */ = {isa = PBXFileReference; lastKnownFileType = sourcecode.swift; path = ApiResponse.swift; sourceTree = "<group>"; };
		0A0933732A9A343100AE9B99 /* NetworkManager.swift */ = {isa = PBXFileReference; lastKnownFileType = sourcecode.swift; path = NetworkManager.swift; sourceTree = "<group>"; };
		0A0933792A9A3E2B00AE9B99 /* MapViewController.swift */ = {isa = PBXFileReference; lastKnownFileType = sourcecode.swift; path = MapViewController.swift; sourceTree = "<group>"; };
		0A09337B2A9A3EEB00AE9B99 /* MapViewModel.swift */ = {isa = PBXFileReference; lastKnownFileType = sourcecode.swift; path = MapViewModel.swift; sourceTree = "<group>"; };
		0A35EEC12A9FA6BE008E9299 /* HomeViewController.swift */ = {isa = PBXFileReference; lastKnownFileType = sourcecode.swift; path = HomeViewController.swift; sourceTree = "<group>"; };
		0A56F5402A90B8540093BBAA /* RegisterViewModel.swift */ = {isa = PBXFileReference; lastKnownFileType = sourcecode.swift; path = RegisterViewModel.swift; sourceTree = "<group>"; };
		0A56F5612A90FF3F0093BBAA /* MainTabBarController.swift */ = {isa = PBXFileReference; lastKnownFileType = sourcecode.swift; path = MainTabBarController.swift; sourceTree = "<group>"; };
		0A5E190B2A98430B00895386 /* PlaceModel.swift */ = {isa = PBXFileReference; lastKnownFileType = sourcecode.swift; path = PlaceModel.swift; sourceTree = "<group>"; };
		0A60CA232A98A51B00A8418E /* PlaceViewCell.swift */ = {isa = PBXFileReference; lastKnownFileType = sourcecode.swift; path = PlaceViewCell.swift; sourceTree = "<group>"; };
		0A6636EA2AA31D3200515C8B /* HomeViewModel.swift */ = {isa = PBXFileReference; lastKnownFileType = sourcecode.swift; path = HomeViewModel.swift; sourceTree = "<group>"; };
		0A7899CA2AA1BD27005CCF45 /* CustomDetailButton.swift */ = {isa = PBXFileReference; lastKnownFileType = sourcecode.swift; path = CustomDetailButton.swift; sourceTree = "<group>"; };
		0A9D20B72AA4FA2200334128 /* ListViewController.swift */ = {isa = PBXFileReference; lastKnownFileType = sourcecode.swift; path = ListViewController.swift; sourceTree = "<group>"; };
		0AA44B352A95F1AF0070052D /* CustomTextView.swift */ = {isa = PBXFileReference; lastKnownFileType = sourcecode.swift; path = CustomTextView.swift; sourceTree = "<group>"; };
		0AA8C38F2A9A6B0700F25219 /* DetailsViewController.swift */ = {isa = PBXFileReference; lastKnownFileType = sourcecode.swift; path = DetailsViewController.swift; sourceTree = "<group>"; };
		0AA8C3922A9A6BB600F25219 /* DetailsViewModel.swift */ = {isa = PBXFileReference; lastKnownFileType = sourcecode.swift; path = DetailsViewModel.swift; sourceTree = "<group>"; };
		0AA8C3962A9B088800F25219 /* VisitsViewController.swift */ = {isa = PBXFileReference; lastKnownFileType = sourcecode.swift; path = VisitsViewController.swift; sourceTree = "<group>"; };
		0AA8C3982A9B09BC00F25219 /* LoginViewModel.swift */ = {isa = PBXFileReference; lastKnownFileType = sourcecode.swift; path = LoginViewModel.swift; sourceTree = "<group>"; };
		0AAEFABB2A9CB9500075B7C4 /* AddPlaceViewModel.swift */ = {isa = PBXFileReference; lastKnownFileType = sourcecode.swift; path = AddPlaceViewModel.swift; sourceTree = "<group>"; };
		0AAEFABF2A9CCE1A0075B7C4 /* UploadModel.swift */ = {isa = PBXFileReference; lastKnownFileType = sourcecode.swift; path = UploadModel.swift; sourceTree = "<group>"; };
		0AB141162A949DA600EEE32A /* GalleryModel.swift */ = {isa = PBXFileReference; lastKnownFileType = sourcecode.swift; path = GalleryModel.swift; sourceTree = "<group>"; };
		0AB141182A94A2B600EEE32A /* GalleryViewCell.swift */ = {isa = PBXFileReference; lastKnownFileType = sourcecode.swift; path = GalleryViewCell.swift; sourceTree = "<group>"; };
		0AB83DA12A9B2B8C00E9ABEB /* CustomAnnotation.swift */ = {isa = PBXFileReference; lastKnownFileType = sourcecode.swift; path = CustomAnnotation.swift; sourceTree = "<group>"; };
		0ACBC21B2A9B40C000141CB9 /* AddPlaceViewController.swift */ = {isa = PBXFileReference; lastKnownFileType = sourcecode.swift; path = AddPlaceViewController.swift; sourceTree = "<group>"; };
		0ACBC21D2A9B4DEE00141CB9 /* PhotoViewCell.swift */ = {isa = PBXFileReference; lastKnownFileType = sourcecode.swift; path = PhotoViewCell.swift; sourceTree = "<group>"; };
		0ACBC2202A9B66A600141CB9 /* VisitModel.swift */ = {isa = PBXFileReference; lastKnownFileType = sourcecode.swift; path = VisitModel.swift; sourceTree = "<group>"; };
		0ACBC2232A9B67C300141CB9 /* VisitsViewModel.swift */ = {isa = PBXFileReference; lastKnownFileType = sourcecode.swift; path = VisitsViewModel.swift; sourceTree = "<group>"; };
		0AFC1DB02A8F54E7002A55B1 /* Travio.app */ = {isa = PBXFileReference; explicitFileType = wrapper.application; includeInIndex = 0; path = Travio.app; sourceTree = BUILT_PRODUCTS_DIR; };
		0AFC1DB32A8F54E7002A55B1 /* AppDelegate.swift */ = {isa = PBXFileReference; lastKnownFileType = sourcecode.swift; path = AppDelegate.swift; sourceTree = "<group>"; };
		0AFC1DB52A8F54E7002A55B1 /* SceneDelegate.swift */ = {isa = PBXFileReference; lastKnownFileType = sourcecode.swift; path = SceneDelegate.swift; sourceTree = "<group>"; };
		0AFC1DBC2A8F54E8002A55B1 /* Assets.xcassets */ = {isa = PBXFileReference; lastKnownFileType = folder.assetcatalog; path = Assets.xcassets; sourceTree = "<group>"; };
		0AFC1DBF2A8F54E8002A55B1 /* Base */ = {isa = PBXFileReference; lastKnownFileType = file.storyboard; name = Base; path = Base.lproj/LaunchScreen.storyboard; sourceTree = "<group>"; };
		0AFC1DC12A8F54E8002A55B1 /* Info.plist */ = {isa = PBXFileReference; lastKnownFileType = text.plist.xml; path = Info.plist; sourceTree = "<group>"; };
		0AFC1DCD2A8F5558002A55B1 /* Extensions.swift */ = {isa = PBXFileReference; lastKnownFileType = sourcecode.swift; path = Extensions.swift; sourceTree = "<group>"; };
		0AFC1DD52A8F55A0002A55B1 /* Keychain.swift */ = {isa = PBXFileReference; lastKnownFileType = sourcecode.swift; path = Keychain.swift; sourceTree = "<group>"; };
		0AFC1DD82A8F5644002A55B1 /* Poppins-SemiBold.ttf */ = {isa = PBXFileReference; lastKnownFileType = file; path = "Poppins-SemiBold.ttf"; sourceTree = "<group>"; };
		0AFC1DD92A8F5644002A55B1 /* Poppins-Medium.ttf */ = {isa = PBXFileReference; lastKnownFileType = file; path = "Poppins-Medium.ttf"; sourceTree = "<group>"; };
		0AFC1DDA2A8F5644002A55B1 /* Poppins-Regular.ttf */ = {isa = PBXFileReference; lastKnownFileType = file; path = "Poppins-Regular.ttf"; sourceTree = "<group>"; };
		0AFC1DDB2A8F5644002A55B1 /* Poppins-Bold.ttf */ = {isa = PBXFileReference; lastKnownFileType = file; path = "Poppins-Bold.ttf"; sourceTree = "<group>"; };
		0AFC1DE12A8F5666002A55B1 /* Font.swift */ = {isa = PBXFileReference; lastKnownFileType = sourcecode.swift; path = Font.swift; sourceTree = "<group>"; };
		0AFC1DE52A8F5A0B002A55B1 /* Color.swift */ = {isa = PBXFileReference; lastKnownFileType = sourcecode.swift; path = Color.swift; sourceTree = "<group>"; };
		0AFC1DE72A8F5AFD002A55B1 /* LoginViewController.swift */ = {isa = PBXFileReference; lastKnownFileType = sourcecode.swift; path = LoginViewController.swift; sourceTree = "<group>"; };
		0AFC1DEA2A8F680A002A55B1 /* CustomTextField.swift */ = {isa = PBXFileReference; lastKnownFileType = sourcecode.swift; path = CustomTextField.swift; sourceTree = "<group>"; };
		0AFC1DEC2A8F8C3C002A55B1 /* CustomButton.swift */ = {isa = PBXFileReference; lastKnownFileType = sourcecode.swift; path = CustomButton.swift; sourceTree = "<group>"; };
		0AFC1DEE2A8F96A1002A55B1 /* RegisterViewController.swift */ = {isa = PBXFileReference; lastKnownFileType = sourcecode.swift; path = RegisterViewController.swift; sourceTree = "<group>"; };
		0AFC1DF02A8FA892002A55B1 /* ComponentsView.swift */ = {isa = PBXFileReference; lastKnownFileType = sourcecode.swift; path = ComponentsView.swift; sourceTree = "<group>"; };
		D3569F8C2AA0AB84000653BC /* SettingsViewController.swift */ = {isa = PBXFileReference; lastKnownFileType = sourcecode.swift; path = SettingsViewController.swift; sourceTree = "<group>"; };
		D3569F8F2AA0ABC3000653BC /* SettingsModel.swift */ = {isa = PBXFileReference; lastKnownFileType = sourcecode.swift; path = SettingsModel.swift; sourceTree = "<group>"; };
		D3569F922AA0ABEB000653BC /* SettingsViewModel.swift */ = {isa = PBXFileReference; lastKnownFileType = sourcecode.swift; path = SettingsViewModel.swift; sourceTree = "<group>"; };
		D3569F952AA0AC30000653BC /* SettingsViewCell.swift */ = {isa = PBXFileReference; lastKnownFileType = sourcecode.swift; path = SettingsViewCell.swift; sourceTree = "<group>"; };
/* End PBXFileReference section */

/* Begin PBXFrameworksBuildPhase section */
		0AFC1DAD2A8F54E7002A55B1 /* Frameworks */ = {
			isa = PBXFrameworksBuildPhase;
			buildActionMask = 2147483647;
			files = (
				0AFD27DC2A916B5C009BEC15 /* Kingfisher in Frameworks */,
				0A7A7A4D2A937D3C000A4B43 /* IQKeyboardManagerSwift in Frameworks */,
				0AFC1DD12A8F556F002A55B1 /* Alamofire in Frameworks */,
				0AFC1DD42A8F557E002A55B1 /* SnapKit in Frameworks */,
			);
			runOnlyForDeploymentPostprocessing = 0;
		};
/* End PBXFrameworksBuildPhase section */

/* Begin PBXGroup section */
		0A0933532A9956DE00AE9B99 /* Authentication */ = {
			isa = PBXGroup;
			children = (
				0A0933542A9956F500AE9B99 /* Models */,
				0A0933552A99570700AE9B99 /* ViewControllers */,
				0A0933562A99571B00AE9B99 /* ViewModels */,
			);
			path = Authentication;
			sourceTree = "<group>";
		};
		0A0933542A9956F500AE9B99 /* Models */ = {
			isa = PBXGroup;
			children = (
				0A0933512A99553E00AE9B99 /* AuthModel.swift */,
			);
			path = Models;
			sourceTree = "<group>";
		};
		0A0933552A99570700AE9B99 /* ViewControllers */ = {
			isa = PBXGroup;
			children = (
				0AFC1DE72A8F5AFD002A55B1 /* LoginViewController.swift */,
				0AFC1DEE2A8F96A1002A55B1 /* RegisterViewController.swift */,
			);
			path = ViewControllers;
			sourceTree = "<group>";
		};
		0A0933562A99571B00AE9B99 /* ViewModels */ = {
			isa = PBXGroup;
			children = (
				0A56F5402A90B8540093BBAA /* RegisterViewModel.swift */,
				0AA8C3982A9B09BC00F25219 /* LoginViewModel.swift */,
			);
			path = ViewModels;
			sourceTree = "<group>";
		};
		0A0933582A99577700AE9B99 /* Map */ = {
			isa = PBXGroup;
			children = (
				0A09335D2A99580100AE9B99 /* Models */,
				0A0933762A9A3DCE00AE9B99 /* ViewControllers */,
				0A0933772A9A3DF900AE9B99 /* ViewModels */,
			);
			path = Map;
			sourceTree = "<group>";
		};
		0A09335D2A99580100AE9B99 /* Models */ = {
			isa = PBXGroup;
			children = (
				0AAEFABF2A9CCE1A0075B7C4 /* UploadModel.swift */,
				0A5E190B2A98430B00895386 /* PlaceModel.swift */,
			);
			path = Models;
			sourceTree = "<group>";
		};
		0A0933602A9958CB00AE9B99 /* Modules */ = {
			isa = PBXGroup;
			children = (
				D3569F8A2AA0AB3D000653BC /* Settings */,
				0A35EEBF2A9FA6A2008E9299 /* Home */,
				0A0933532A9956DE00AE9B99 /* Authentication */,
				0AA8C3942A9B084B00F25219 /* Visits */,
				0A0933582A99577700AE9B99 /* Map */,
				0A0933622A99593000AE9B99 /* Shared */,
			);
			path = Modules;
			sourceTree = "<group>";
		};
		0A0933612A99590200AE9B99 /* Main */ = {
			isa = PBXGroup;
			children = (
				0A09336A2A995B9000AE9B99 /* Views */,
			);
			path = Main;
			sourceTree = "<group>";
		};
		0A0933622A99593000AE9B99 /* Shared */ = {
			isa = PBXGroup;
			children = (
				0AA8C3912A9A6BA000F25219 /* ViewModels */,
				0AA8C38E2A9A6AE700F25219 /* ViewControllers */,
				0A09336D2A995BEB00AE9B99 /* CustomViews */,
				0A0933662A995A2600AE9B99 /* Models */,
			);
			path = Shared;
			sourceTree = "<group>";
		};
		0A0933662A995A2600AE9B99 /* Models */ = {
			isa = PBXGroup;
			children = (
				0AB141162A949DA600EEE32A /* GalleryModel.swift */,
				0A0933642A99598C00AE9B99 /* ApiResponse.swift */,
			);
			path = Models;
			sourceTree = "<group>";
		};
		0A09336A2A995B9000AE9B99 /* Views */ = {
			isa = PBXGroup;
			children = (
				0A56F5612A90FF3F0093BBAA /* MainTabBarController.swift */,
			);
			path = Views;
			sourceTree = "<group>";
		};
		0A09336D2A995BEB00AE9B99 /* CustomViews */ = {
			isa = PBXGroup;
			children = (
				0AA44B352A95F1AF0070052D /* CustomTextView.swift */,
				0ACBC21D2A9B4DEE00141CB9 /* PhotoViewCell.swift */,
				0A60CA232A98A51B00A8418E /* PlaceViewCell.swift */,
				0AFC1DF02A8FA892002A55B1 /* ComponentsView.swift */,
				0AFC1DEA2A8F680A002A55B1 /* CustomTextField.swift */,
				0AFC1DEC2A8F8C3C002A55B1 /* CustomButton.swift */,
				0AB141182A94A2B600EEE32A /* GalleryViewCell.swift */,
				0AB83DA12A9B2B8C00E9ABEB /* CustomAnnotation.swift */,
				0A7899CA2AA1BD27005CCF45 /* CustomDetailButton.swift */,
			);
			path = CustomViews;
			sourceTree = "<group>";
		};
		0A0933762A9A3DCE00AE9B99 /* ViewControllers */ = {
			isa = PBXGroup;
			children = (
				0ACBC21B2A9B40C000141CB9 /* AddPlaceViewController.swift */,
				0A0933792A9A3E2B00AE9B99 /* MapViewController.swift */,
			);
			path = ViewControllers;
			sourceTree = "<group>";
		};
		0A0933772A9A3DF900AE9B99 /* ViewModels */ = {
			isa = PBXGroup;
			children = (
				0AAEFABB2A9CB9500075B7C4 /* AddPlaceViewModel.swift */,
				0A09337B2A9A3EEB00AE9B99 /* MapViewModel.swift */,
			);
			path = ViewModels;
			sourceTree = "<group>";
		};
		0A35EEBF2A9FA6A2008E9299 /* Home */ = {
			isa = PBXGroup;
			children = (
				0A6636E92AA31CFB00515C8B /* CustomViews */,
				0A6636E82AA31CB400515C8B /* ViewModels */,
				0A35EEC02A9FA6AA008E9299 /* ViewControllers */,
			);
			path = Home;
			sourceTree = "<group>";
		};
		0A35EEC02A9FA6AA008E9299 /* ViewControllers */ = {
			isa = PBXGroup;
			children = (
				0A35EEC12A9FA6BE008E9299 /* HomeViewController.swift */,
				0A9D20B72AA4FA2200334128 /* ListViewController.swift */,
			);
			path = ViewControllers;
			sourceTree = "<group>";
		};
		0A6636E82AA31CB400515C8B /* ViewModels */ = {
			isa = PBXGroup;
			children = (
				0A6636EA2AA31D3200515C8B /* HomeViewModel.swift */,
			);
			path = ViewModels;
			sourceTree = "<group>";
		};
		0A6636E92AA31CFB00515C8B /* CustomViews */ = {
			isa = PBXGroup;
			children = (
			);
			path = CustomViews;
			sourceTree = "<group>";
		};
		0AA8C38E2A9A6AE700F25219 /* ViewControllers */ = {
			isa = PBXGroup;
			children = (
				0AA8C38F2A9A6B0700F25219 /* DetailsViewController.swift */,
			);
			path = ViewControllers;
			sourceTree = "<group>";
		};
		0AA8C3912A9A6BA000F25219 /* ViewModels */ = {
			isa = PBXGroup;
			children = (
				0AA8C3922A9A6BB600F25219 /* DetailsViewModel.swift */,
			);
			path = ViewModels;
			sourceTree = "<group>";
		};
		0AA8C3942A9B084B00F25219 /* Visits */ = {
			isa = PBXGroup;
			children = (
				0ACBC2222A9B67B000141CB9 /* ViewModels */,
				0ACBC21F2A9B669A00141CB9 /* Models */,
				0AA8C3952A9B086800F25219 /* ViewControllers */,
			);
			path = Visits;
			sourceTree = "<group>";
		};
		0AA8C3952A9B086800F25219 /* ViewControllers */ = {
			isa = PBXGroup;
			children = (
				0AA8C3962A9B088800F25219 /* VisitsViewController.swift */,
			);
			path = ViewControllers;
			sourceTree = "<group>";
		};
		0ACBC21F2A9B669A00141CB9 /* Models */ = {
			isa = PBXGroup;
			children = (
				0ACBC2202A9B66A600141CB9 /* VisitModel.swift */,
			);
			path = Models;
			sourceTree = "<group>";
		};
		0ACBC2222A9B67B000141CB9 /* ViewModels */ = {
			isa = PBXGroup;
			children = (
				0ACBC2232A9B67C300141CB9 /* VisitsViewModel.swift */,
			);
			path = ViewModels;
			sourceTree = "<group>";
		};
		0AFC1DA72A8F54E7002A55B1 = {
			isa = PBXGroup;
			children = (
				0AFC1DB22A8F54E7002A55B1 /* Travio */,
				0AFC1DB12A8F54E7002A55B1 /* Products */,
			);
			sourceTree = "<group>";
		};
		0AFC1DB12A8F54E7002A55B1 /* Products */ = {
			isa = PBXGroup;
			children = (
				0AFC1DB02A8F54E7002A55B1 /* Travio.app */,
			);
			name = Products;
			sourceTree = "<group>";
		};
		0AFC1DB22A8F54E7002A55B1 /* Travio */ = {
			isa = PBXGroup;
			children = (
				0A0933602A9958CB00AE9B99 /* Modules */,
				0AFC1DCC2A8F5541002A55B1 /* Utilities */,
				0AFC1DCB2A8F5535002A55B1 /* Resources */,
				0A0933612A99590200AE9B99 /* Main */,
				0AFC1DB32A8F54E7002A55B1 /* AppDelegate.swift */,
				0AFC1DB52A8F54E7002A55B1 /* SceneDelegate.swift */,
				0AFC1DBE2A8F54E8002A55B1 /* LaunchScreen.storyboard */,
				0AFC1DC12A8F54E8002A55B1 /* Info.plist */,
			);
			path = Travio;
			sourceTree = "<group>";
		};
		0AFC1DCB2A8F5535002A55B1 /* Resources */ = {
			isa = PBXGroup;
			children = (
				0AFC1DBC2A8F54E8002A55B1 /* Assets.xcassets */,
				0AFC1DD72A8F561F002A55B1 /* Fonts */,
			);
			path = Resources;
			sourceTree = "<group>";
		};
		0AFC1DCC2A8F5541002A55B1 /* Utilities */ = {
			isa = PBXGroup;
			children = (
				0AFC1DCD2A8F5558002A55B1 /* Extensions.swift */,
				0AFC1DD52A8F55A0002A55B1 /* Keychain.swift */,
				0AFC1DE12A8F5666002A55B1 /* Font.swift */,
				0AFC1DE52A8F5A0B002A55B1 /* Color.swift */,
				0A09334D2A990DFF00AE9B99 /* Router.swift */,
				0A0933732A9A343100AE9B99 /* NetworkManager.swift */,
			);
			path = Utilities;
			sourceTree = "<group>";
		};
		0AFC1DD72A8F561F002A55B1 /* Fonts */ = {
			isa = PBXGroup;
			children = (
				0AFC1DDB2A8F5644002A55B1 /* Poppins-Bold.ttf */,
				0AFC1DD92A8F5644002A55B1 /* Poppins-Medium.ttf */,
				0AFC1DDA2A8F5644002A55B1 /* Poppins-Regular.ttf */,
				0AFC1DD82A8F5644002A55B1 /* Poppins-SemiBold.ttf */,
			);
			path = Fonts;
			sourceTree = "<group>";
		};
		D3569F8A2AA0AB3D000653BC /* Settings */ = {
			isa = PBXGroup;
			children = (
				D3569F942AA0AC05000653BC /* CustomViews */,
				D3569F912AA0ABD7000653BC /* ViewModels */,
				D3569F8E2AA0ABB4000653BC /* Models */,
				D3569F8B2AA0AB5D000653BC /* ViewControllers */,
			);
			path = Settings;
			sourceTree = "<group>";
		};
		D3569F8B2AA0AB5D000653BC /* ViewControllers */ = {
			isa = PBXGroup;
			children = (
				D3569F8C2AA0AB84000653BC /* SettingsViewController.swift */,
			);
			path = ViewControllers;
			sourceTree = "<group>";
		};
		D3569F8E2AA0ABB4000653BC /* Models */ = {
			isa = PBXGroup;
			children = (
				D3569F8F2AA0ABC3000653BC /* SettingsModel.swift */,
			);
			path = Models;
			sourceTree = "<group>";
		};
		D3569F912AA0ABD7000653BC /* ViewModels */ = {
			isa = PBXGroup;
			children = (
				D3569F922AA0ABEB000653BC /* SettingsViewModel.swift */,
			);
			path = ViewModels;
			sourceTree = "<group>";
		};
		D3569F942AA0AC05000653BC /* CustomViews */ = {
			isa = PBXGroup;
			children = (
				D3569F952AA0AC30000653BC /* SettingsViewCell.swift */,
			);
			path = CustomViews;
			sourceTree = "<group>";
		};
/* End PBXGroup section */

/* Begin PBXNativeTarget section */
		0AFC1DAF2A8F54E7002A55B1 /* Travio */ = {
			isa = PBXNativeTarget;
			buildConfigurationList = 0AFC1DC42A8F54E8002A55B1 /* Build configuration list for PBXNativeTarget "Travio" */;
			buildPhases = (
				0AFC1DAC2A8F54E7002A55B1 /* Sources */,
				0AFC1DAD2A8F54E7002A55B1 /* Frameworks */,
				0AFC1DAE2A8F54E7002A55B1 /* Resources */,
			);
			buildRules = (
			);
			dependencies = (
			);
			name = Travio;
			packageProductDependencies = (
				0AFC1DD02A8F556F002A55B1 /* Alamofire */,
				0AFC1DD32A8F557E002A55B1 /* SnapKit */,
				0AFD27DB2A916B5C009BEC15 /* Kingfisher */,
				0A7A7A4C2A937D3C000A4B43 /* IQKeyboardManagerSwift */,
			);
			productName = Travio;
			productReference = 0AFC1DB02A8F54E7002A55B1 /* Travio.app */;
			productType = "com.apple.product-type.application";
		};
/* End PBXNativeTarget section */

/* Begin PBXProject section */
		0AFC1DA82A8F54E7002A55B1 /* Project object */ = {
			isa = PBXProject;
			attributes = {
				BuildIndependentTargetsInParallel = 1;
				LastSwiftUpdateCheck = 1430;
				LastUpgradeCheck = 1430;
				TargetAttributes = {
					0AFC1DAF2A8F54E7002A55B1 = {
						CreatedOnToolsVersion = 14.3.1;
					};
				};
			};
			buildConfigurationList = 0AFC1DAB2A8F54E7002A55B1 /* Build configuration list for PBXProject "Travio" */;
			compatibilityVersion = "Xcode 14.0";
			developmentRegion = en;
			hasScannedForEncodings = 0;
			knownRegions = (
				en,
				Base,
			);
			mainGroup = 0AFC1DA72A8F54E7002A55B1;
			packageReferences = (
				0AFC1DCF2A8F556F002A55B1 /* XCRemoteSwiftPackageReference "Alamofire" */,
				0AFC1DD22A8F557E002A55B1 /* XCRemoteSwiftPackageReference "SnapKit" */,
				0AFD27DA2A916B5C009BEC15 /* XCRemoteSwiftPackageReference "Kingfisher" */,
				0A7A7A4B2A937D3C000A4B43 /* XCRemoteSwiftPackageReference "IQKeyboardManager" */,
			);
			productRefGroup = 0AFC1DB12A8F54E7002A55B1 /* Products */;
			projectDirPath = "";
			projectRoot = "";
			targets = (
				0AFC1DAF2A8F54E7002A55B1 /* Travio */,
			);
		};
/* End PBXProject section */

/* Begin PBXResourcesBuildPhase section */
		0AFC1DAE2A8F54E7002A55B1 /* Resources */ = {
			isa = PBXResourcesBuildPhase;
			buildActionMask = 2147483647;
			files = (
				0AFC1DDC2A8F5644002A55B1 /* Poppins-SemiBold.ttf in Resources */,
				0AFC1DDF2A8F5644002A55B1 /* Poppins-Bold.ttf in Resources */,
				0AFC1DDD2A8F5644002A55B1 /* Poppins-Medium.ttf in Resources */,
				0AFC1DC02A8F54E8002A55B1 /* LaunchScreen.storyboard in Resources */,
				0AFC1DBD2A8F54E8002A55B1 /* Assets.xcassets in Resources */,
				0AFC1DDE2A8F5644002A55B1 /* Poppins-Regular.ttf in Resources */,
			);
			runOnlyForDeploymentPostprocessing = 0;
		};
/* End PBXResourcesBuildPhase section */

/* Begin PBXSourcesBuildPhase section */
		0AFC1DAC2A8F54E7002A55B1 /* Sources */ = {
			isa = PBXSourcesBuildPhase;
			buildActionMask = 2147483647;
			files = (
				0ACBC21C2A9B40C000141CB9 /* AddPlaceViewController.swift in Sources */,
				0A5E190C2A98430C00895386 /* PlaceModel.swift in Sources */,
				0AB141172A949DA600EEE32A /* GalleryModel.swift in Sources */,
				0A6636EB2AA31D3200515C8B /* HomeViewModel.swift in Sources */,
				0A9D20B82AA4FA2200334128 /* ListViewController.swift in Sources */,
				0A35EEC22A9FA6BE008E9299 /* HomeViewController.swift in Sources */,
				0AFC1DE82A8F5AFD002A55B1 /* LoginViewController.swift in Sources */,
				D3569F8D2AA0AB84000653BC /* SettingsViewController.swift in Sources */,
				0A56F5622A90FF3F0093BBAA /* MainTabBarController.swift in Sources */,
				0AFC1DEF2A8F96A1002A55B1 /* RegisterViewController.swift in Sources */,
				D3569F962AA0AC30000653BC /* SettingsViewCell.swift in Sources */,
				0AFC1DE62A8F5A0B002A55B1 /* Color.swift in Sources */,
				0A09337C2A9A3EEB00AE9B99 /* MapViewModel.swift in Sources */,
				0AFC1DB42A8F54E7002A55B1 /* AppDelegate.swift in Sources */,
				0ACBC21E2A9B4DEE00141CB9 /* PhotoViewCell.swift in Sources */,
				D3569F902AA0ABC3000653BC /* SettingsModel.swift in Sources */,
				0A09337A2A9A3E2B00AE9B99 /* MapViewController.swift in Sources */,
				0ACBC2212A9B66A600141CB9 /* VisitModel.swift in Sources */,
				D3569F932AA0ABEB000653BC /* SettingsViewModel.swift in Sources */,
				0AB141192A94A2B600EEE32A /* GalleryViewCell.swift in Sources */,
				0AFC1DF12A8FA892002A55B1 /* ComponentsView.swift in Sources */,
				0AA8C3902A9A6B0700F25219 /* DetailsViewController.swift in Sources */,
				0AFC1DB62A8F54E7002A55B1 /* SceneDelegate.swift in Sources */,
				0A0933742A9A343100AE9B99 /* NetworkManager.swift in Sources */,
				0A0933652A99598C00AE9B99 /* ApiResponse.swift in Sources */,
				0A60CA242A98A51B00A8418E /* PlaceViewCell.swift in Sources */,
				0AFC1DED2A8F8C3C002A55B1 /* CustomButton.swift in Sources */,
				0A09334E2A990DFF00AE9B99 /* Router.swift in Sources */,
				0AFC1DD62A8F55A0002A55B1 /* Keychain.swift in Sources */,
				0A56F5412A90B8540093BBAA /* RegisterViewModel.swift in Sources */,
				0ACBC2242A9B67C300141CB9 /* VisitsViewModel.swift in Sources */,
				0AA8C3992A9B09BC00F25219 /* LoginViewModel.swift in Sources */,
				0AAEFAC02A9CCE1A0075B7C4 /* UploadModel.swift in Sources */,
				0AFC1DE22A8F5666002A55B1 /* Font.swift in Sources */,
				0AFC1DCE2A8F5558002A55B1 /* Extensions.swift in Sources */,
				0AA44B362A95F1AF0070052D /* CustomTextView.swift in Sources */,
				0A7899CB2AA1BD27005CCF45 /* CustomDetailButton.swift in Sources */,
				0AAEFABC2A9CB9500075B7C4 /* AddPlaceViewModel.swift in Sources */,
				0AFC1DEB2A8F680A002A55B1 /* CustomTextField.swift in Sources */,
				0A0933522A99553E00AE9B99 /* AuthModel.swift in Sources */,
				0AA8C3972A9B088800F25219 /* VisitsViewController.swift in Sources */,
				0AA8C3932A9A6BB600F25219 /* DetailsViewModel.swift in Sources */,
				0AB83DA22A9B2B8C00E9ABEB /* CustomAnnotation.swift in Sources */,
			);
			runOnlyForDeploymentPostprocessing = 0;
		};
/* End PBXSourcesBuildPhase section */

/* Begin PBXVariantGroup section */
		0AFC1DBE2A8F54E8002A55B1 /* LaunchScreen.storyboard */ = {
			isa = PBXVariantGroup;
			children = (
				0AFC1DBF2A8F54E8002A55B1 /* Base */,
			);
			name = LaunchScreen.storyboard;
			sourceTree = "<group>";
		};
/* End PBXVariantGroup section */

/* Begin XCBuildConfiguration section */
		0AFC1DC22A8F54E8002A55B1 /* Debug */ = {
			isa = XCBuildConfiguration;
			buildSettings = {
				ALWAYS_SEARCH_USER_PATHS = NO;
				CLANG_ANALYZER_NONNULL = YES;
				CLANG_ANALYZER_NUMBER_OBJECT_CONVERSION = YES_AGGRESSIVE;
				CLANG_CXX_LANGUAGE_STANDARD = "gnu++20";
				CLANG_ENABLE_MODULES = YES;
				CLANG_ENABLE_OBJC_ARC = YES;
				CLANG_ENABLE_OBJC_WEAK = YES;
				CLANG_WARN_BLOCK_CAPTURE_AUTORELEASING = YES;
				CLANG_WARN_BOOL_CONVERSION = YES;
				CLANG_WARN_COMMA = YES;
				CLANG_WARN_CONSTANT_CONVERSION = YES;
				CLANG_WARN_DEPRECATED_OBJC_IMPLEMENTATIONS = YES;
				CLANG_WARN_DIRECT_OBJC_ISA_USAGE = YES_ERROR;
				CLANG_WARN_DOCUMENTATION_COMMENTS = YES;
				CLANG_WARN_EMPTY_BODY = YES;
				CLANG_WARN_ENUM_CONVERSION = YES;
				CLANG_WARN_INFINITE_RECURSION = YES;
				CLANG_WARN_INT_CONVERSION = YES;
				CLANG_WARN_NON_LITERAL_NULL_CONVERSION = YES;
				CLANG_WARN_OBJC_IMPLICIT_RETAIN_SELF = YES;
				CLANG_WARN_OBJC_LITERAL_CONVERSION = YES;
				CLANG_WARN_OBJC_ROOT_CLASS = YES_ERROR;
				CLANG_WARN_QUOTED_INCLUDE_IN_FRAMEWORK_HEADER = YES;
				CLANG_WARN_RANGE_LOOP_ANALYSIS = YES;
				CLANG_WARN_STRICT_PROTOTYPES = YES;
				CLANG_WARN_SUSPICIOUS_MOVE = YES;
				CLANG_WARN_UNGUARDED_AVAILABILITY = YES_AGGRESSIVE;
				CLANG_WARN_UNREACHABLE_CODE = YES;
				CLANG_WARN__DUPLICATE_METHOD_MATCH = YES;
				COPY_PHASE_STRIP = NO;
				DEBUG_INFORMATION_FORMAT = dwarf;
				ENABLE_STRICT_OBJC_MSGSEND = YES;
				ENABLE_TESTABILITY = YES;
				GCC_C_LANGUAGE_STANDARD = gnu11;
				GCC_DYNAMIC_NO_PIC = NO;
				GCC_NO_COMMON_BLOCKS = YES;
				GCC_OPTIMIZATION_LEVEL = 0;
				GCC_PREPROCESSOR_DEFINITIONS = (
					"DEBUG=1",
					"$(inherited)",
				);
				GCC_WARN_64_TO_32_BIT_CONVERSION = YES;
				GCC_WARN_ABOUT_RETURN_TYPE = YES_ERROR;
				GCC_WARN_UNDECLARED_SELECTOR = YES;
				GCC_WARN_UNINITIALIZED_AUTOS = YES_AGGRESSIVE;
				GCC_WARN_UNUSED_FUNCTION = YES;
				GCC_WARN_UNUSED_VARIABLE = YES;
				IPHONEOS_DEPLOYMENT_TARGET = 16.4;
				MTL_ENABLE_DEBUG_INFO = INCLUDE_SOURCE;
				MTL_FAST_MATH = YES;
				ONLY_ACTIVE_ARCH = YES;
				SDKROOT = iphoneos;
				SWIFT_ACTIVE_COMPILATION_CONDITIONS = DEBUG;
				SWIFT_OPTIMIZATION_LEVEL = "-Onone";
			};
			name = Debug;
		};
		0AFC1DC32A8F54E8002A55B1 /* Release */ = {
			isa = XCBuildConfiguration;
			buildSettings = {
				ALWAYS_SEARCH_USER_PATHS = NO;
				CLANG_ANALYZER_NONNULL = YES;
				CLANG_ANALYZER_NUMBER_OBJECT_CONVERSION = YES_AGGRESSIVE;
				CLANG_CXX_LANGUAGE_STANDARD = "gnu++20";
				CLANG_ENABLE_MODULES = YES;
				CLANG_ENABLE_OBJC_ARC = YES;
				CLANG_ENABLE_OBJC_WEAK = YES;
				CLANG_WARN_BLOCK_CAPTURE_AUTORELEASING = YES;
				CLANG_WARN_BOOL_CONVERSION = YES;
				CLANG_WARN_COMMA = YES;
				CLANG_WARN_CONSTANT_CONVERSION = YES;
				CLANG_WARN_DEPRECATED_OBJC_IMPLEMENTATIONS = YES;
				CLANG_WARN_DIRECT_OBJC_ISA_USAGE = YES_ERROR;
				CLANG_WARN_DOCUMENTATION_COMMENTS = YES;
				CLANG_WARN_EMPTY_BODY = YES;
				CLANG_WARN_ENUM_CONVERSION = YES;
				CLANG_WARN_INFINITE_RECURSION = YES;
				CLANG_WARN_INT_CONVERSION = YES;
				CLANG_WARN_NON_LITERAL_NULL_CONVERSION = YES;
				CLANG_WARN_OBJC_IMPLICIT_RETAIN_SELF = YES;
				CLANG_WARN_OBJC_LITERAL_CONVERSION = YES;
				CLANG_WARN_OBJC_ROOT_CLASS = YES_ERROR;
				CLANG_WARN_QUOTED_INCLUDE_IN_FRAMEWORK_HEADER = YES;
				CLANG_WARN_RANGE_LOOP_ANALYSIS = YES;
				CLANG_WARN_STRICT_PROTOTYPES = YES;
				CLANG_WARN_SUSPICIOUS_MOVE = YES;
				CLANG_WARN_UNGUARDED_AVAILABILITY = YES_AGGRESSIVE;
				CLANG_WARN_UNREACHABLE_CODE = YES;
				CLANG_WARN__DUPLICATE_METHOD_MATCH = YES;
				COPY_PHASE_STRIP = NO;
				DEBUG_INFORMATION_FORMAT = "dwarf-with-dsym";
				ENABLE_NS_ASSERTIONS = NO;
				ENABLE_STRICT_OBJC_MSGSEND = YES;
				GCC_C_LANGUAGE_STANDARD = gnu11;
				GCC_NO_COMMON_BLOCKS = YES;
				GCC_WARN_64_TO_32_BIT_CONVERSION = YES;
				GCC_WARN_ABOUT_RETURN_TYPE = YES_ERROR;
				GCC_WARN_UNDECLARED_SELECTOR = YES;
				GCC_WARN_UNINITIALIZED_AUTOS = YES_AGGRESSIVE;
				GCC_WARN_UNUSED_FUNCTION = YES;
				GCC_WARN_UNUSED_VARIABLE = YES;
				IPHONEOS_DEPLOYMENT_TARGET = 16.4;
				MTL_ENABLE_DEBUG_INFO = NO;
				MTL_FAST_MATH = YES;
				SDKROOT = iphoneos;
				SWIFT_COMPILATION_MODE = wholemodule;
				SWIFT_OPTIMIZATION_LEVEL = "-O";
				VALIDATE_PRODUCT = YES;
			};
			name = Release;
		};
		0AFC1DC52A8F54E8002A55B1 /* Debug */ = {
			isa = XCBuildConfiguration;
			buildSettings = {
				ASSETCATALOG_COMPILER_APPICON_NAME = AppIcon;
				ASSETCATALOG_COMPILER_GLOBAL_ACCENT_COLOR_NAME = AccentColor;
				ASSETCATALOG_COMPILER_INCLUDE_ALL_APPICON_ASSETS = YES;
				CODE_SIGN_IDENTITY = "Apple Development";
				CODE_SIGN_STYLE = Automatic;
				CURRENT_PROJECT_VERSION = 1;
				DEVELOPMENT_TEAM = 9399X42BH3;
				GENERATE_INFOPLIST_FILE = YES;
				INFOPLIST_FILE = Travio/Info.plist;
				INFOPLIST_KEY_CFBundleDisplayName = Travio;
				INFOPLIST_KEY_UIApplicationSupportsIndirectInputEvents = YES;
				INFOPLIST_KEY_UILaunchStoryboardName = LaunchScreen.storyboard;
				INFOPLIST_KEY_UISupportedInterfaceOrientations_iPad = "UIInterfaceOrientationPortrait UIInterfaceOrientationPortraitUpsideDown UIInterfaceOrientationLandscapeLeft UIInterfaceOrientationLandscapeRight";
				INFOPLIST_KEY_UISupportedInterfaceOrientations_iPhone = "UIInterfaceOrientationPortrait UIInterfaceOrientationLandscapeLeft UIInterfaceOrientationLandscapeRight";
				LD_RUNPATH_SEARCH_PATHS = (
					"$(inherited)",
					"@executable_path/Frameworks",
				);
				MARKETING_VERSION = 1.0;
				PRODUCT_BUNDLE_IDENTIFIER = net.furkandev.TravioApp;
				PRODUCT_NAME = "$(TARGET_NAME)";
				PROVISIONING_PROFILE_SPECIFIER = "";
				SWIFT_EMIT_LOC_STRINGS = YES;
				SWIFT_VERSION = 5.0;
				TARGETED_DEVICE_FAMILY = "1,2";
			};
			name = Debug;
		};
		0AFC1DC62A8F54E8002A55B1 /* Release */ = {
			isa = XCBuildConfiguration;
			buildSettings = {
				ASSETCATALOG_COMPILER_APPICON_NAME = AppIcon;
				ASSETCATALOG_COMPILER_GLOBAL_ACCENT_COLOR_NAME = AccentColor;
				ASSETCATALOG_COMPILER_INCLUDE_ALL_APPICON_ASSETS = YES;
				CODE_SIGN_IDENTITY = "Apple Development";
				CODE_SIGN_STYLE = Automatic;
				CURRENT_PROJECT_VERSION = 1;
				DEVELOPMENT_TEAM = 9399X42BH3;
				GENERATE_INFOPLIST_FILE = YES;
				INFOPLIST_FILE = Travio/Info.plist;
				INFOPLIST_KEY_CFBundleDisplayName = Travio;
				INFOPLIST_KEY_UIApplicationSupportsIndirectInputEvents = YES;
				INFOPLIST_KEY_UILaunchStoryboardName = LaunchScreen.storyboard;
				INFOPLIST_KEY_UISupportedInterfaceOrientations_iPad = "UIInterfaceOrientationPortrait UIInterfaceOrientationPortraitUpsideDown UIInterfaceOrientationLandscapeLeft UIInterfaceOrientationLandscapeRight";
				INFOPLIST_KEY_UISupportedInterfaceOrientations_iPhone = "UIInterfaceOrientationPortrait UIInterfaceOrientationLandscapeLeft UIInterfaceOrientationLandscapeRight";
				LD_RUNPATH_SEARCH_PATHS = (
					"$(inherited)",
					"@executable_path/Frameworks",
				);
				MARKETING_VERSION = 1.0;
				PRODUCT_BUNDLE_IDENTIFIER = net.furkandev.TravioApp;
				PRODUCT_NAME = "$(TARGET_NAME)";
				PROVISIONING_PROFILE_SPECIFIER = "";
				SWIFT_EMIT_LOC_STRINGS = YES;
				SWIFT_VERSION = 5.0;
				TARGETED_DEVICE_FAMILY = "1,2";
			};
			name = Release;
		};
/* End XCBuildConfiguration section */

/* Begin XCConfigurationList section */
		0AFC1DAB2A8F54E7002A55B1 /* Build configuration list for PBXProject "Travio" */ = {
			isa = XCConfigurationList;
			buildConfigurations = (
				0AFC1DC22A8F54E8002A55B1 /* Debug */,
				0AFC1DC32A8F54E8002A55B1 /* Release */,
			);
			defaultConfigurationIsVisible = 0;
			defaultConfigurationName = Release;
		};
		0AFC1DC42A8F54E8002A55B1 /* Build configuration list for PBXNativeTarget "Travio" */ = {
			isa = XCConfigurationList;
			buildConfigurations = (
				0AFC1DC52A8F54E8002A55B1 /* Debug */,
				0AFC1DC62A8F54E8002A55B1 /* Release */,
			);
			defaultConfigurationIsVisible = 0;
			defaultConfigurationName = Release;
		};
/* End XCConfigurationList section */

/* Begin XCRemoteSwiftPackageReference section */
		0A7A7A4B2A937D3C000A4B43 /* XCRemoteSwiftPackageReference "IQKeyboardManager" */ = {
			isa = XCRemoteSwiftPackageReference;
			repositoryURL = "https://github.com/hackiftekhar/IQKeyboardManager";
			requirement = {
				kind = upToNextMajorVersion;
				minimumVersion = 6.0.0;
			};
		};
		0AFC1DCF2A8F556F002A55B1 /* XCRemoteSwiftPackageReference "Alamofire" */ = {
			isa = XCRemoteSwiftPackageReference;
			repositoryURL = "https://github.com/Alamofire/Alamofire";
			requirement = {
				kind = upToNextMajorVersion;
				minimumVersion = 5.0.0;
			};
		};
		0AFC1DD22A8F557E002A55B1 /* XCRemoteSwiftPackageReference "SnapKit" */ = {
			isa = XCRemoteSwiftPackageReference;
			repositoryURL = "https://github.com/SnapKit/SnapKit.git";
			requirement = {
				kind = upToNextMajorVersion;
				minimumVersion = 5.0.0;
			};
		};
		0AFD27DA2A916B5C009BEC15 /* XCRemoteSwiftPackageReference "Kingfisher" */ = {
			isa = XCRemoteSwiftPackageReference;
			repositoryURL = "https://github.com/onevcat/Kingfisher";
			requirement = {
				kind = upToNextMajorVersion;
				minimumVersion = 7.0.0;
			};
		};
/* End XCRemoteSwiftPackageReference section */

/* Begin XCSwiftPackageProductDependency section */
		0A7A7A4C2A937D3C000A4B43 /* IQKeyboardManagerSwift */ = {
			isa = XCSwiftPackageProductDependency;
			package = 0A7A7A4B2A937D3C000A4B43 /* XCRemoteSwiftPackageReference "IQKeyboardManager" */;
			productName = IQKeyboardManagerSwift;
		};
		0AFC1DD02A8F556F002A55B1 /* Alamofire */ = {
			isa = XCSwiftPackageProductDependency;
			package = 0AFC1DCF2A8F556F002A55B1 /* XCRemoteSwiftPackageReference "Alamofire" */;
			productName = Alamofire;
		};
		0AFC1DD32A8F557E002A55B1 /* SnapKit */ = {
			isa = XCSwiftPackageProductDependency;
			package = 0AFC1DD22A8F557E002A55B1 /* XCRemoteSwiftPackageReference "SnapKit" */;
			productName = SnapKit;
		};
		0AFD27DB2A916B5C009BEC15 /* Kingfisher */ = {
			isa = XCSwiftPackageProductDependency;
			package = 0AFD27DA2A916B5C009BEC15 /* XCRemoteSwiftPackageReference "Kingfisher" */;
			productName = Kingfisher;
		};
/* End XCSwiftPackageProductDependency section */
	};
	rootObject = 0AFC1DA82A8F54E7002A55B1 /* Project object */;
}
